
Microsoft Visual Studio Solution File, Format Version 12.00
# Visual Studio 15
VisualStudioVersion = 15.0.28307.271
MinimumVisualStudioVersion = 10.0.40219.1
Project("{FAE04EC0-301F-11D3-BF4B-00C04F79EFBC}") = "InventoryManagerApplication", "InventoryManagerApplication\InventoryManagerApplication.csproj", "{AE4A78C2-2116-4B8F-8C6A-7E8683910524}"
EndProject
Global
	GlobalSection(SolutionConfigurationPlatforms) = preSolution
		Debug|Any CPU = Debug|Any CPU
		Release|Any CPU = Release|Any CPU
	EndGlobalSection
	GlobalSection(ProjectConfigurationPlatforms) = postSolution
		{AE4A78C2-2116-4B8F-8C6A-7E8683910524}.Debug|Any CPU.ActiveCfg = Debug|Any CPU
		{AE4A78C2-2116-4B8F-8C6A-7E8683910524}.Debug|Any CPU.Build.0 = Debug|Any CPU
		{AE4A78C2-2116-4B8F-8C6A-7E8683910524}.Release|Any CPU.ActiveCfg = Release|Any CPU
		{AE4A78C2-2116-4B8F-8C6A-7E8683910524}.Release|Any CPU.Build.0 = Release|Any CPU
	EndGlobalSection
	GlobalSection(SolutionProperties) = preSolution
		HideSolutionNode = FALSE
	EndGlobalSection
	GlobalSection(ExtensibilityGlobals) = postSolution
		SolutionGuid = {5E425852-475A-4995-9D7A-C8C9571E3B22}
	EndGlobalSection
EndGlobal
